
Microsoft Visual Studio Solution File, Format Version 12.00
# Visual Studio Version 17
VisualStudioVersion = 17.8.34525.116
MinimumVisualStudioVersion = 10.0.40219.1
Project("{FAE04EC0-301F-11D3-BF4B-00C04F79EFBC}") = "Cypher", "Cypher\Cypher.csproj", "{476DEDB4-81C2-45E1-8C8A-FC72D8F8DECB}"
EndProject
Global
	GlobalSection(SolutionConfigurationPlatforms) = preSolution
		Debug|Any CPU = Debug|Any CPU
		Release|Any CPU = Release|Any CPU
	EndGlobalSection
	GlobalSection(ProjectConfigurationPlatforms) = postSolution
		{476DEDB4-81C2-45E1-8C8A-FC72D8F8DECB}.Debug|Any CPU.ActiveCfg = Debug|Any CPU
		{476DEDB4-81C2-45E1-8C8A-FC72D8F8DECB}.Debug|Any CPU.Build.0 = Debug|Any CPU
		{476DEDB4-81C2-45E1-8C8A-FC72D8F8DECB}.Release|Any CPU.ActiveCfg = Release|Any CPU
		{476DEDB4-81C2-45E1-8C8A-FC72D8F8DECB}.Release|Any CPU.Build.0 = Release|Any CPU
	EndGlobalSection
	GlobalSection(SolutionProperties) = preSolution
		HideSolutionNode = FALSE
	EndGlobalSection
	GlobalSection(ExtensibilityGlobals) = postSolution
		SolutionGuid = {D3402AF1-2B1F-45C0-AE4F-4967C2997E83}
	EndGlobalSection
EndGlobal
